
Microsoft Visual Studio Solution File, Format Version 12.00
# Visual Studio Version 16
VisualStudioVersion = 16.0.31702.278
MinimumVisualStudioVersion = 10.0.40219.1
Project("{FAE04EC0-301F-11D3-BF4B-00C04F79EFBC}") = "ActionManager", "ActionManager\ActionManager.csproj", "{A525AD26-BF5C-4E7F-B36D-0317C8100A44}"
EndProject
Global
	GlobalSection(SolutionConfigurationPlatforms) = preSolution
		Debug|Any CPU = Debug|Any CPU
		Release|Any CPU = Release|Any CPU
	EndGlobalSection
	GlobalSection(ProjectConfigurationPlatforms) = postSolution
		{A525AD26-BF5C-4E7F-B36D-0317C8100A44}.Debug|Any CPU.ActiveCfg = Debug|Any CPU
		{A525AD26-BF5C-4E7F-B36D-0317C8100A44}.Debug|Any CPU.Build.0 = Debug|Any CPU
		{A525AD26-BF5C-4E7F-B36D-0317C8100A44}.Release|Any CPU.ActiveCfg = Release|Any CPU
		{A525AD26-BF5C-4E7F-B36D-0317C8100A44}.Release|Any CPU.Build.0 = Release|Any CPU
	EndGlobalSection
	GlobalSection(SolutionProperties) = preSolution
		HideSolutionNode = FALSE
	EndGlobalSection
	GlobalSection(ExtensibilityGlobals) = postSolution
		SolutionGuid = {0E237008-B20B-4363-8289-48312092C955}
	EndGlobalSection
EndGlobal
